
Microsoft Visual Studio Solution File, Format Version 12.00
# Visual Studio 2012
Project("{FAE04EC0-301F-11D3-BF4B-00C04F79EFBC}") = "Talk", "Talk\Talk.csproj", "{2D9A7EE3-D00C-4730-8213-1A4E70696CF8}"
EndProject
Project("{FAE04EC0-301F-11D3-BF4B-00C04F79EFBC}") = "Demo", "Demo\Demo.csproj", "{D05FFA1F-CE91-490E-8B17-FE95ED224CA8}"
EndProject
Project("{FAE04EC0-301F-11D3-BF4B-00C04F79EFBC}") = "TalkNotes", "TalkNotes\TalkNotes.csproj", "{06233C9D-2796-4FCA-B46D-AE4E16E60F45}"
EndProject
Global
	GlobalSection(SolutionConfigurationPlatforms) = preSolution
		Debug|Any CPU = Debug|Any CPU
		Release|Any CPU = Release|Any CPU
	EndGlobalSection
	GlobalSection(ProjectConfigurationPlatforms) = postSolution
		{2D9A7EE3-D00C-4730-8213-1A4E70696CF8}.Debug|Any CPU.ActiveCfg = Debug|Any CPU
		{2D9A7EE3-D00C-4730-8213-1A4E70696CF8}.Debug|Any CPU.Build.0 = Debug|Any CPU
		{2D9A7EE3-D00C-4730-8213-1A4E70696CF8}.Release|Any CPU.ActiveCfg = Release|Any CPU
		{2D9A7EE3-D00C-4730-8213-1A4E70696CF8}.Release|Any CPU.Build.0 = Release|Any CPU
		{D05FFA1F-CE91-490E-8B17-FE95ED224CA8}.Debug|Any CPU.ActiveCfg = Debug|Any CPU
		{D05FFA1F-CE91-490E-8B17-FE95ED224CA8}.Debug|Any CPU.Build.0 = Debug|Any CPU
		{D05FFA1F-CE91-490E-8B17-FE95ED224CA8}.Release|Any CPU.ActiveCfg = Release|Any CPU
		{D05FFA1F-CE91-490E-8B17-FE95ED224CA8}.Release|Any CPU.Build.0 = Release|Any CPU
		{06233C9D-2796-4FCA-B46D-AE4E16E60F45}.Debug|Any CPU.ActiveCfg = Debug|Any CPU
		{06233C9D-2796-4FCA-B46D-AE4E16E60F45}.Debug|Any CPU.Build.0 = Debug|Any CPU
		{06233C9D-2796-4FCA-B46D-AE4E16E60F45}.Release|Any CPU.ActiveCfg = Release|Any CPU
		{06233C9D-2796-4FCA-B46D-AE4E16E60F45}.Release|Any CPU.Build.0 = Release|Any CPU
	EndGlobalSection
	GlobalSection(SolutionProperties) = preSolution
		HideSolutionNode = FALSE
	EndGlobalSection
EndGlobal
